// !$*UTF8*$!
{
	archiveVersion = 1;
	classes = {
	};
	objectVersion = 48;
	objects = {

/* Begin PBXBuildFile section */
		3BF910A4B1AE7794EB79969F /* Pods_Login_Screen.framework in Frameworks */ = {isa = PBXBuildFile; fileRef = 4A280553E672176ADAB1036F /* Pods_Login_Screen.framework */; };
		615B5CC89F3FB54B6D3E29F2 /* Pods_Login_ScreenTests.framework in Frameworks */ = {isa = PBXBuildFile; fileRef = 2A9B591C7620C65916F85E8D /* Pods_Login_ScreenTests.framework */; };
		F620359420CB6DB000B53F63 /* ChatMessageCell.swift in Sources */ = {isa = PBXBuildFile; fileRef = F620359320CB6DB000B53F63 /* ChatMessageCell.swift */; };
		F63176AC203C892B0076C098 /* AppDelegate.swift in Sources */ = {isa = PBXBuildFile; fileRef = F63176AB203C892B0076C098 /* AppDelegate.swift */; };
		F63176AE203C892B0076C098 /* MessagesController.swift in Sources */ = {isa = PBXBuildFile; fileRef = F63176AD203C892B0076C098 /* MessagesController.swift */; };
		F63176B1203C892B0076C098 /* Main.storyboard in Resources */ = {isa = PBXBuildFile; fileRef = F63176AF203C892B0076C098 /* Main.storyboard */; };
		F63176B3203C892B0076C098 /* Assets.xcassets in Resources */ = {isa = PBXBuildFile; fileRef = F63176B2203C892B0076C098 /* Assets.xcassets */; };
		F63176B6203C892B0076C098 /* LaunchScreen.storyboard in Resources */ = {isa = PBXBuildFile; fileRef = F63176B4203C892B0076C098 /* LaunchScreen.storyboard */; };
		F63176C1203C892B0076C098 /* Login_ScreenTests.swift in Sources */ = {isa = PBXBuildFile; fileRef = F63176C0203C892B0076C098 /* Login_ScreenTests.swift */; };
		F63176CE203C8B8D0076C098 /* LoginController.swift in Sources */ = {isa = PBXBuildFile; fileRef = F63176CD203C8B8D0076C098 /* LoginController.swift */; };
		F632FBB52060303F00330C94 /* ChatLogController.swift in Sources */ = {isa = PBXBuildFile; fileRef = F632FBB42060303F00330C94 /* ChatLogController.swift */; };
		F6596636205D9F290077EA1B /* Extensions.swift in Sources */ = {isa = PBXBuildFile; fileRef = F6596635205D9F290077EA1B /* Extensions.swift */; };
		F665350E20E6EC2200BB7212 /* Constants.swift in Sources */ = {isa = PBXBuildFile; fileRef = F665350D20E6EC2200BB7212 /* Constants.swift */; };
		F665351020E70D4D00BB7212 /* TempSetting.swift in Sources */ = {isa = PBXBuildFile; fileRef = F665350F20E70D4D00BB7212 /* TempSetting.swift */; };
		F665351420E70DB000BB7212 /* SettingsCell.swift in Sources */ = {isa = PBXBuildFile; fileRef = F665351320E70DB000BB7212 /* SettingsCell.swift */; };
		F665351820E7174200BB7212 /* SettingsSwitchCell.swift in Sources */ = {isa = PBXBuildFile; fileRef = F665351720E7174200BB7212 /* SettingsSwitchCell.swift */; };
		F68F118E20C330FB009E7A47 /* UserCell.swift in Sources */ = {isa = PBXBuildFile; fileRef = F68F118D20C330FB009E7A47 /* UserCell.swift */; };
		F6948F67203CCE6000E9E9CD /* GoogleService-Info.plist in Resources */ = {isa = PBXBuildFile; fileRef = F6948F66203CCE6000E9E9CD /* GoogleService-Info.plist */; };
		F69939AF2041163C006795D7 /* LoginController+handlers.swift in Sources */ = {isa = PBXBuildFile; fileRef = F69939AE2041163C006795D7 /* LoginController+handlers.swift */; };
		F6BAD536203E3A6B003F7DE9 /* NewMessageController.swift in Sources */ = {isa = PBXBuildFile; fileRef = F6BAD535203E3A6B003F7DE9 /* NewMessageController.swift */; };
		F6E45AE620CCC82B00222CC2 /* SettingsController.swift in Sources */ = {isa = PBXBuildFile; fileRef = F6E45AE520CCC82B00222CC2 /* SettingsController.swift */; };
		F6EEAE83203E51F400A03DA4 /* UserNSObject.swift in Sources */ = {isa = PBXBuildFile; fileRef = F6EEAE82203E51F400A03DA4 /* UserNSObject.swift */; };
		F6FF9C8520C3049900AE6E4C /* Message.swift in Sources */ = {isa = PBXBuildFile; fileRef = F6FF9C8420C3049900AE6E4C /* Message.swift */; };
/* End PBXBuildFile section */

/* Begin PBXContainerItemProxy section */
		F63176BD203C892B0076C098 /* PBXContainerItemProxy */ = {
			isa = PBXContainerItemProxy;
			containerPortal = F63176A0203C892B0076C098 /* Project object */;
			proxyType = 1;
			remoteGlobalIDString = F63176A7203C892B0076C098;
			remoteInfo = "Login Screen";
		};
/* End PBXContainerItemProxy section */

/* Begin PBXFileReference section */
		2A9B591C7620C65916F85E8D /* Pods_Login_ScreenTests.framework */ = {isa = PBXFileReference; explicitFileType = wrapper.framework; includeInIndex = 0; path = Pods_Login_ScreenTests.framework; sourceTree = BUILT_PRODUCTS_DIR; };
		4A280553E672176ADAB1036F /* Pods_Login_Screen.framework */ = {isa = PBXFileReference; explicitFileType = wrapper.framework; includeInIndex = 0; path = Pods_Login_Screen.framework; sourceTree = BUILT_PRODUCTS_DIR; };
		52C7D8BE6637A4B06A708F0C /* Pods-Login ScreenTests.debug.xcconfig */ = {isa = PBXFileReference; includeInIndex = 1; lastKnownFileType = text.xcconfig; name = "Pods-Login ScreenTests.debug.xcconfig"; path = "Pods/Target Support Files/Pods-Login ScreenTests/Pods-Login ScreenTests.debug.xcconfig"; sourceTree = "<group>"; };
		DE3807F72967C147B2418D49 /* Pods-Login Screen.debug.xcconfig */ = {isa = PBXFileReference; includeInIndex = 1; lastKnownFileType = text.xcconfig; name = "Pods-Login Screen.debug.xcconfig"; path = "Pods/Target Support Files/Pods-Login Screen/Pods-Login Screen.debug.xcconfig"; sourceTree = "<group>"; };
		E08135E627E99FAAC24D9CE9 /* Pods-Login Screen.release.xcconfig */ = {isa = PBXFileReference; includeInIndex = 1; lastKnownFileType = text.xcconfig; name = "Pods-Login Screen.release.xcconfig"; path = "Pods/Target Support Files/Pods-Login Screen/Pods-Login Screen.release.xcconfig"; sourceTree = "<group>"; };
		ED3FB6A0291B46A5AB51883A /* Pods-Login ScreenTests.release.xcconfig */ = {isa = PBXFileReference; includeInIndex = 1; lastKnownFileType = text.xcconfig; name = "Pods-Login ScreenTests.release.xcconfig"; path = "Pods/Target Support Files/Pods-Login ScreenTests/Pods-Login ScreenTests.release.xcconfig"; sourceTree = "<group>"; };
		F620359320CB6DB000B53F63 /* ChatMessageCell.swift */ = {isa = PBXFileReference; lastKnownFileType = sourcecode.swift; path = ChatMessageCell.swift; sourceTree = "<group>"; };
		F63176A8203C892B0076C098 /* Login Screen.app */ = {isa = PBXFileReference; explicitFileType = wrapper.application; includeInIndex = 0; path = "Login Screen.app"; sourceTree = BUILT_PRODUCTS_DIR; };
		F63176AB203C892B0076C098 /* AppDelegate.swift */ = {isa = PBXFileReference; lastKnownFileType = sourcecode.swift; path = AppDelegate.swift; sourceTree = "<group>"; };
		F63176AD203C892B0076C098 /* MessagesController.swift */ = {isa = PBXFileReference; lastKnownFileType = sourcecode.swift; path = MessagesController.swift; sourceTree = "<group>"; };
		F63176B0203C892B0076C098 /* Base */ = {isa = PBXFileReference; lastKnownFileType = file.storyboard; name = Base; path = Base.lproj/Main.storyboard; sourceTree = "<group>"; };
		F63176B2203C892B0076C098 /* Assets.xcassets */ = {isa = PBXFileReference; lastKnownFileType = folder.assetcatalog; path = Assets.xcassets; sourceTree = "<group>"; };
		F63176B5203C892B0076C098 /* Base */ = {isa = PBXFileReference; lastKnownFileType = file.storyboard; name = Base; path = Base.lproj/LaunchScreen.storyboard; sourceTree = "<group>"; };
		F63176B7203C892B0076C098 /* Info.plist */ = {isa = PBXFileReference; lastKnownFileType = text.plist.xml; path = Info.plist; sourceTree = "<group>"; };
		F63176BC203C892B0076C098 /* Login ScreenTests.xctest */ = {isa = PBXFileReference; explicitFileType = wrapper.cfbundle; includeInIndex = 0; path = "Login ScreenTests.xctest"; sourceTree = BUILT_PRODUCTS_DIR; };
		F63176C0203C892B0076C098 /* Login_ScreenTests.swift */ = {isa = PBXFileReference; lastKnownFileType = sourcecode.swift; path = Login_ScreenTests.swift; sourceTree = "<group>"; };
		F63176C2203C892B0076C098 /* Info.plist */ = {isa = PBXFileReference; lastKnownFileType = text.plist.xml; path = Info.plist; sourceTree = "<group>"; };
		F63176CD203C8B8D0076C098 /* LoginController.swift */ = {isa = PBXFileReference; lastKnownFileType = sourcecode.swift; path = LoginController.swift; sourceTree = "<group>"; };
		F632FBB42060303F00330C94 /* ChatLogController.swift */ = {isa = PBXFileReference; lastKnownFileType = sourcecode.swift; path = ChatLogController.swift; sourceTree = "<group>"; };
		F6596635205D9F290077EA1B /* Extensions.swift */ = {isa = PBXFileReference; lastKnownFileType = sourcecode.swift; path = Extensions.swift; sourceTree = "<group>"; };
		F665350D20E6EC2200BB7212 /* Constants.swift */ = {isa = PBXFileReference; lastKnownFileType = sourcecode.swift; path = Constants.swift; sourceTree = "<group>"; };
		F665350F20E70D4D00BB7212 /* TempSetting.swift */ = {isa = PBXFileReference; lastKnownFileType = sourcecode.swift; path = TempSetting.swift; sourceTree = "<group>"; };
		F665351320E70DB000BB7212 /* SettingsCell.swift */ = {isa = PBXFileReference; fileEncoding = 4; lastKnownFileType = sourcecode.swift; path = SettingsCell.swift; sourceTree = "<group>"; };
		F665351720E7174200BB7212 /* SettingsSwitchCell.swift */ = {isa = PBXFileReference; lastKnownFileType = sourcecode.swift; path = SettingsSwitchCell.swift; sourceTree = "<group>"; };
		F68F118D20C330FB009E7A47 /* UserCell.swift */ = {isa = PBXFileReference; lastKnownFileType = sourcecode.swift; path = UserCell.swift; sourceTree = "<group>"; };
		F6948F66203CCE6000E9E9CD /* GoogleService-Info.plist */ = {isa = PBXFileReference; fileEncoding = 4; lastKnownFileType = text.plist.xml; path = "GoogleService-Info.plist"; sourceTree = "<group>"; };
		F69939AE2041163C006795D7 /* LoginController+handlers.swift */ = {isa = PBXFileReference; lastKnownFileType = sourcecode.swift; path = "LoginController+handlers.swift"; sourceTree = "<group>"; };
		F6BAD535203E3A6B003F7DE9 /* NewMessageController.swift */ = {isa = PBXFileReference; lastKnownFileType = sourcecode.swift; path = NewMessageController.swift; sourceTree = "<group>"; };
		F6E45AE520CCC82B00222CC2 /* SettingsController.swift */ = {isa = PBXFileReference; lastKnownFileType = sourcecode.swift; path = SettingsController.swift; sourceTree = "<group>"; };
		F6EEAE82203E51F400A03DA4 /* UserNSObject.swift */ = {isa = PBXFileReference; lastKnownFileType = sourcecode.swift; path = UserNSObject.swift; sourceTree = "<group>"; };
		F6FF9C8420C3049900AE6E4C /* Message.swift */ = {isa = PBXFileReference; lastKnownFileType = sourcecode.swift; path = Message.swift; sourceTree = "<group>"; };
/* End PBXFileReference section */

/* Begin PBXFrameworksBuildPhase section */
		F63176A5203C892B0076C098 /* Frameworks */ = {
			isa = PBXFrameworksBuildPhase;
			buildActionMask = 2147483647;
			files = (
				3BF910A4B1AE7794EB79969F /* Pods_Login_Screen.framework in Frameworks */,
			);
			runOnlyForDeploymentPostprocessing = 0;
		};
		F63176B9203C892B0076C098 /* Frameworks */ = {
			isa = PBXFrameworksBuildPhase;
			buildActionMask = 2147483647;
			files = (
				615B5CC89F3FB54B6D3E29F2 /* Pods_Login_ScreenTests.framework in Frameworks */,
			);
			runOnlyForDeploymentPostprocessing = 0;
		};
/* End PBXFrameworksBuildPhase section */

/* Begin PBXGroup section */
		A336CEE05ABBB54A52C66555 /* Pods */ = {
			isa = PBXGroup;
			children = (
				DE3807F72967C147B2418D49 /* Pods-Login Screen.debug.xcconfig */,
				E08135E627E99FAAC24D9CE9 /* Pods-Login Screen.release.xcconfig */,
				52C7D8BE6637A4B06A708F0C /* Pods-Login ScreenTests.debug.xcconfig */,
				ED3FB6A0291B46A5AB51883A /* Pods-Login ScreenTests.release.xcconfig */,
			);
			name = Pods;
			sourceTree = "<group>";
		};
		CE51D10872E5D72CC6186178 /* Frameworks */ = {
			isa = PBXGroup;
			children = (
				4A280553E672176ADAB1036F /* Pods_Login_Screen.framework */,
				2A9B591C7620C65916F85E8D /* Pods_Login_ScreenTests.framework */,
			);
			name = Frameworks;
			sourceTree = "<group>";
		};
		F631769F203C892B0076C098 = {
			isa = PBXGroup;
			children = (
				F63176AA203C892B0076C098 /* Login Screen */,
				F63176BF203C892B0076C098 /* Login ScreenTests */,
				F63176A9203C892B0076C098 /* Products */,
				A336CEE05ABBB54A52C66555 /* Pods */,
				CE51D10872E5D72CC6186178 /* Frameworks */,
			);
			sourceTree = "<group>";
		};
		F63176A9203C892B0076C098 /* Products */ = {
			isa = PBXGroup;
			children = (
				F63176A8203C892B0076C098 /* Login Screen.app */,
				F63176BC203C892B0076C098 /* Login ScreenTests.xctest */,
			);
			name = Products;
			sourceTree = "<group>";
		};
		F63176AA203C892B0076C098 /* Login Screen */ = {
			isa = PBXGroup;
			children = (
				F68F118C20C330F1009E7A47 /* View */,
				F6596634205D9F190077EA1B /* Helpers */,
				F6BAD537203E4236003F7DE9 /* Model */,
				F63176CC203C8B4A0076C098 /* Controller */,
				F63176AB203C892B0076C098 /* AppDelegate.swift */,
				F63176AF203C892B0076C098 /* Main.storyboard */,
				F63176B2203C892B0076C098 /* Assets.xcassets */,
				F63176B4203C892B0076C098 /* LaunchScreen.storyboard */,
				F6948F66203CCE6000E9E9CD /* GoogleService-Info.plist */,
				F63176B7203C892B0076C098 /* Info.plist */,
			);
			path = "Login Screen";
			sourceTree = "<group>";
		};
		F63176BF203C892B0076C098 /* Login ScreenTests */ = {
			isa = PBXGroup;
			children = (
				F63176C0203C892B0076C098 /* Login_ScreenTests.swift */,
				F63176C2203C892B0076C098 /* Info.plist */,
			);
			path = "Login ScreenTests";
			sourceTree = "<group>";
		};
		F63176CC203C8B4A0076C098 /* Controller */ = {
			isa = PBXGroup;
			children = (
				F69939AE2041163C006795D7 /* LoginController+handlers.swift */,
				F63176CD203C8B8D0076C098 /* LoginController.swift */,
				F63176AD203C892B0076C098 /* MessagesController.swift */,
				F6BAD535203E3A6B003F7DE9 /* NewMessageController.swift */,
				F632FBB42060303F00330C94 /* ChatLogController.swift */,
				F6E45AE520CCC82B00222CC2 /* SettingsController.swift */,
				F665350F20E70D4D00BB7212 /* TempSetting.swift */,
			);
			path = Controller;
			sourceTree = "<group>";
		};
		F6596634205D9F190077EA1B /* Helpers */ = {
			isa = PBXGroup;
			children = (
				F6596635205D9F290077EA1B /* Extensions.swift */,
				F665350D20E6EC2200BB7212 /* Constants.swift */,
			);
			path = Helpers;
			sourceTree = "<group>";
		};
		F68F118C20C330F1009E7A47 /* View */ = {
			isa = PBXGroup;
			children = (
				F68F118D20C330FB009E7A47 /* UserCell.swift */,
				F620359320CB6DB000B53F63 /* ChatMessageCell.swift */,
				F665351320E70DB000BB7212 /* SettingsCell.swift */,
				F665351720E7174200BB7212 /* SettingsSwitchCell.swift */,
			);
			path = View;
			sourceTree = "<group>";
		};
		F6BAD537203E4236003F7DE9 /* Model */ = {
			isa = PBXGroup;
			children = (
				F6EEAE82203E51F400A03DA4 /* UserNSObject.swift */,
				F6FF9C8420C3049900AE6E4C /* Message.swift */,
			);
			path = Model;
			sourceTree = "<group>";
		};
/* End PBXGroup section */

/* Begin PBXNativeTarget section */
		F63176A7203C892B0076C098 /* Login Screen */ = {
			isa = PBXNativeTarget;
			buildConfigurationList = F63176C5203C892B0076C098 /* Build configuration list for PBXNativeTarget "Login Screen" */;
			buildPhases = (
				8307AAC493D413FDDA37F1A6 /* [CP] Check Pods Manifest.lock */,
				F63176A4203C892B0076C098 /* Sources */,
				F63176A5203C892B0076C098 /* Frameworks */,
				F63176A6203C892B0076C098 /* Resources */,
				D12132CFFA3D5D8933924E23 /* [CP] Embed Pods Frameworks */,
				FF852165F534EC7458398CF8 /* [CP] Copy Pods Resources */,
			);
			buildRules = (
			);
			dependencies = (
			);
			name = "Login Screen";
			productName = "Login Screen";
			productReference = F63176A8203C892B0076C098 /* Login Screen.app */;
			productType = "com.apple.product-type.application";
		};
		F63176BB203C892B0076C098 /* Login ScreenTests */ = {
			isa = PBXNativeTarget;
			buildConfigurationList = F63176C8203C892B0076C098 /* Build configuration list for PBXNativeTarget "Login ScreenTests" */;
			buildPhases = (
				DDA16454FC7B1B92F8BEB893 /* [CP] Check Pods Manifest.lock */,
				F63176B8203C892B0076C098 /* Sources */,
				F63176B9203C892B0076C098 /* Frameworks */,
				F63176BA203C892B0076C098 /* Resources */,
				CB3984E781D20E19575B8EEC /* [CP] Embed Pods Frameworks */,
				366CD75BAC56DAB970004467 /* [CP] Copy Pods Resources */,
			);
			buildRules = (
			);
			dependencies = (
				F63176BE203C892B0076C098 /* PBXTargetDependency */,
			);
			name = "Login ScreenTests";
			productName = "Login ScreenTests";
			productReference = F63176BC203C892B0076C098 /* Login ScreenTests.xctest */;
			productType = "com.apple.product-type.bundle.unit-test";
		};
/* End PBXNativeTarget section */

/* Begin PBXProject section */
		F63176A0203C892B0076C098 /* Project object */ = {
			isa = PBXProject;
			attributes = {
				LastSwiftUpdateCheck = 0920;
				LastUpgradeCheck = 0940;
				ORGANIZATIONNAME = "Harrison Leath";
				TargetAttributes = {
					F63176A7203C892B0076C098 = {
						CreatedOnToolsVersion = 9.2;
						LastSwiftMigration = 1000;
						ProvisioningStyle = Automatic;
					};
					F63176BB203C892B0076C098 = {
						CreatedOnToolsVersion = 9.2;
						LastSwiftMigration = 1000;
						ProvisioningStyle = Automatic;
						TestTargetID = F63176A7203C892B0076C098;
					};
				};
			};
			buildConfigurationList = F63176A3203C892B0076C098 /* Build configuration list for PBXProject "Login Screen" */;
			compatibilityVersion = "Xcode 8.0";
			developmentRegion = en;
			hasScannedForEncodings = 0;
			knownRegions = (
				en,
				Base,
			);
			mainGroup = F631769F203C892B0076C098;
			productRefGroup = F63176A9203C892B0076C098 /* Products */;
			projectDirPath = "";
			projectRoot = "";
			targets = (
				F63176A7203C892B0076C098 /* Login Screen */,
				F63176BB203C892B0076C098 /* Login ScreenTests */,
			);
		};
/* End PBXProject section */

/* Begin PBXResourcesBuildPhase section */
		F63176A6203C892B0076C098 /* Resources */ = {
			isa = PBXResourcesBuildPhase;
			buildActionMask = 2147483647;
			files = (
				F6948F67203CCE6000E9E9CD /* GoogleService-Info.plist in Resources */,
				F63176B6203C892B0076C098 /* LaunchScreen.storyboard in Resources */,
				F63176B3203C892B0076C098 /* Assets.xcassets in Resources */,
				F63176B1203C892B0076C098 /* Main.storyboard in Resources */,
			);
			runOnlyForDeploymentPostprocessing = 0;
		};
		F63176BA203C892B0076C098 /* Resources */ = {
			isa = PBXResourcesBuildPhase;
			buildActionMask = 2147483647;
			files = (
			);
			runOnlyForDeploymentPostprocessing = 0;
		};
/* End PBXResourcesBuildPhase section */

/* Begin PBXShellScriptBuildPhase section */
		366CD75BAC56DAB970004467 /* [CP] Copy Pods Resources */ = {
			isa = PBXShellScriptBuildPhase;
			buildActionMask = 2147483647;
			files = (
			);
			inputPaths = (
			);
			name = "[CP] Copy Pods Resources";
			outputPaths = (
			);
			runOnlyForDeploymentPostprocessing = 0;
			shellPath = /bin/sh;
			shellScript = "\"${SRCROOT}/Pods/Target Support Files/Pods-Login ScreenTests/Pods-Login ScreenTests-resources.sh\"\n";
			showEnvVarsInLog = 0;
		};
		8307AAC493D413FDDA37F1A6 /* [CP] Check Pods Manifest.lock */ = {
			isa = PBXShellScriptBuildPhase;
			buildActionMask = 2147483647;
			files = (
			);
			inputPaths = (
				"${PODS_PODFILE_DIR_PATH}/Podfile.lock",
				"${PODS_ROOT}/Manifest.lock",
			);
			name = "[CP] Check Pods Manifest.lock";
			outputPaths = (
				"$(DERIVED_FILE_DIR)/Pods-Login Screen-checkManifestLockResult.txt",
			);
			runOnlyForDeploymentPostprocessing = 0;
			shellPath = /bin/sh;
			shellScript = "diff \"${PODS_PODFILE_DIR_PATH}/Podfile.lock\" \"${PODS_ROOT}/Manifest.lock\" > /dev/null\nif [ $? != 0 ] ; then\n    # print error to STDERR\n    echo \"error: The sandbox is not in sync with the Podfile.lock. Run 'pod install' or update your CocoaPods installation.\" >&2\n    exit 1\nfi\n# This output is used by Xcode 'outputs' to avoid re-running this script phase.\necho \"SUCCESS\" > \"${SCRIPT_OUTPUT_FILE_0}\"\n";
			showEnvVarsInLog = 0;
		};
		CB3984E781D20E19575B8EEC /* [CP] Embed Pods Frameworks */ = {
			isa = PBXShellScriptBuildPhase;
			buildActionMask = 2147483647;
			files = (
			);
			inputPaths = (
			);
			name = "[CP] Embed Pods Frameworks";
			outputPaths = (
			);
			runOnlyForDeploymentPostprocessing = 0;
			shellPath = /bin/sh;
			shellScript = "\"${SRCROOT}/Pods/Target Support Files/Pods-Login ScreenTests/Pods-Login ScreenTests-frameworks.sh\"\n";
			showEnvVarsInLog = 0;
		};
		D12132CFFA3D5D8933924E23 /* [CP] Embed Pods Frameworks */ = {
			isa = PBXShellScriptBuildPhase;
			buildActionMask = 2147483647;
			files = (
			);
			inputPaths = (
				"${SRCROOT}/Pods/Target Support Files/Pods-Login Screen/Pods-Login Screen-frameworks.sh",
				"${BUILT_PRODUCTS_DIR}/GTMSessionFetcher/GTMSessionFetcher.framework",
				"${BUILT_PRODUCTS_DIR}/GoogleToolboxForMac/GoogleToolboxForMac.framework",
				"${BUILT_PRODUCTS_DIR}/leveldb-library/leveldb.framework",
				"${BUILT_PRODUCTS_DIR}/nanopb/nanopb.framework",
			);
			name = "[CP] Embed Pods Frameworks";
			outputPaths = (
				"${TARGET_BUILD_DIR}/${FRAMEWORKS_FOLDER_PATH}/GTMSessionFetcher.framework",
				"${TARGET_BUILD_DIR}/${FRAMEWORKS_FOLDER_PATH}/GoogleToolboxForMac.framework",
				"${TARGET_BUILD_DIR}/${FRAMEWORKS_FOLDER_PATH}/leveldb.framework",
				"${TARGET_BUILD_DIR}/${FRAMEWORKS_FOLDER_PATH}/nanopb.framework",
			);
			runOnlyForDeploymentPostprocessing = 0;
			shellPath = /bin/sh;
			shellScript = "\"${SRCROOT}/Pods/Target Support Files/Pods-Login Screen/Pods-Login Screen-frameworks.sh\"\n";
			showEnvVarsInLog = 0;
		};
		DDA16454FC7B1B92F8BEB893 /* [CP] Check Pods Manifest.lock */ = {
			isa = PBXShellScriptBuildPhase;
			buildActionMask = 2147483647;
			files = (
			);
			inputPaths = (
				"${PODS_PODFILE_DIR_PATH}/Podfile.lock",
				"${PODS_ROOT}/Manifest.lock",
			);
			name = "[CP] Check Pods Manifest.lock";
			outputPaths = (
				"$(DERIVED_FILE_DIR)/Pods-Login ScreenTests-checkManifestLockResult.txt",
			);
			runOnlyForDeploymentPostprocessing = 0;
			shellPath = /bin/sh;
			shellScript = "diff \"${PODS_PODFILE_DIR_PATH}/Podfile.lock\" \"${PODS_ROOT}/Manifest.lock\" > /dev/null\nif [ $? != 0 ] ; then\n    # print error to STDERR\n    echo \"error: The sandbox is not in sync with the Podfile.lock. Run 'pod install' or update your CocoaPods installation.\" >&2\n    exit 1\nfi\n# This output is used by Xcode 'outputs' to avoid re-running this script phase.\necho \"SUCCESS\" > \"${SCRIPT_OUTPUT_FILE_0}\"\n";
			showEnvVarsInLog = 0;
		};
		FF852165F534EC7458398CF8 /* [CP] Copy Pods Resources */ = {
			isa = PBXShellScriptBuildPhase;
			buildActionMask = 2147483647;
			files = (
			);
			inputPaths = (
			);
			name = "[CP] Copy Pods Resources";
			outputPaths = (
			);
			runOnlyForDeploymentPostprocessing = 0;
			shellPath = /bin/sh;
			shellScript = "\"${SRCROOT}/Pods/Target Support Files/Pods-Login Screen/Pods-Login Screen-resources.sh\"\n";
			showEnvVarsInLog = 0;
		};
/* End PBXShellScriptBuildPhase section */

/* Begin PBXSourcesBuildPhase section */
		F63176A4203C892B0076C098 /* Sources */ = {
			isa = PBXSourcesBuildPhase;
			buildActionMask = 2147483647;
			files = (
				F665351020E70D4D00BB7212 /* TempSetting.swift in Sources */,
				F6E45AE620CCC82B00222CC2 /* SettingsController.swift in Sources */,
				F632FBB52060303F00330C94 /* ChatLogController.swift in Sources */,
				F6BAD536203E3A6B003F7DE9 /* NewMessageController.swift in Sources */,
				F63176AE203C892B0076C098 /* MessagesController.swift in Sources */,
				F6FF9C8520C3049900AE6E4C /* Message.swift in Sources */,
				F665351820E7174200BB7212 /* SettingsSwitchCell.swift in Sources */,
				F69939AF2041163C006795D7 /* LoginController+handlers.swift in Sources */,
				F63176CE203C8B8D0076C098 /* LoginController.swift in Sources */,
				F665350E20E6EC2200BB7212 /* Constants.swift in Sources */,
				F6EEAE83203E51F400A03DA4 /* UserNSObject.swift in Sources */,
				F620359420CB6DB000B53F63 /* ChatMessageCell.swift in Sources */,
				F63176AC203C892B0076C098 /* AppDelegate.swift in Sources */,
				F68F118E20C330FB009E7A47 /* UserCell.swift in Sources */,
				F6596636205D9F290077EA1B /* Extensions.swift in Sources */,
				F665351420E70DB000BB7212 /* SettingsCell.swift in Sources */,
			);
			runOnlyForDeploymentPostprocessing = 0;
		};
		F63176B8203C892B0076C098 /* Sources */ = {
			isa = PBXSourcesBuildPhase;
			buildActionMask = 2147483647;
			files = (
				F63176C1203C892B0076C098 /* Login_ScreenTests.swift in Sources */,
			);
			runOnlyForDeploymentPostprocessing = 0;
		};
/* End PBXSourcesBuildPhase section */

/* Begin PBXTargetDependency section */
		F63176BE203C892B0076C098 /* PBXTargetDependency */ = {
			isa = PBXTargetDependency;
			target = F63176A7203C892B0076C098 /* Login Screen */;
			targetProxy = F63176BD203C892B0076C098 /* PBXContainerItemProxy */;
		};
/* End PBXTargetDependency section */

/* Begin PBXVariantGroup section */
		F63176AF203C892B0076C098 /* Main.storyboard */ = {
			isa = PBXVariantGroup;
			children = (
				F63176B0203C892B0076C098 /* Base */,
			);
			name = Main.storyboard;
			sourceTree = "<group>";
		};
		F63176B4203C892B0076C098 /* LaunchScreen.storyboard */ = {
			isa = PBXVariantGroup;
			children = (
				F63176B5203C892B0076C098 /* Base */,
			);
			name = LaunchScreen.storyboard;
			sourceTree = "<group>";
		};
/* End PBXVariantGroup section */

/* Begin XCBuildConfiguration section */
		F63176C3203C892B0076C098 /* Debug */ = {
			isa = XCBuildConfiguration;
			buildSettings = {
				ALWAYS_SEARCH_USER_PATHS = NO;
				CLANG_ANALYZER_NONNULL = YES;
				CLANG_ANALYZER_NUMBER_OBJECT_CONVERSION = YES_AGGRESSIVE;
				CLANG_CXX_LANGUAGE_STANDARD = "gnu++14";
				CLANG_CXX_LIBRARY = "libc++";
				CLANG_ENABLE_MODULES = YES;
				CLANG_ENABLE_OBJC_ARC = YES;
				CLANG_WARN_BLOCK_CAPTURE_AUTORELEASING = YES;
				CLANG_WARN_BOOL_CONVERSION = YES;
				CLANG_WARN_COMMA = YES;
				CLANG_WARN_CONSTANT_CONVERSION = YES;
				CLANG_WARN_DEPRECATED_OBJC_IMPLEMENTATIONS = YES;
				CLANG_WARN_DIRECT_OBJC_ISA_USAGE = YES_ERROR;
				CLANG_WARN_DOCUMENTATION_COMMENTS = YES;
				CLANG_WARN_EMPTY_BODY = YES;
				CLANG_WARN_ENUM_CONVERSION = YES;
				CLANG_WARN_INFINITE_RECURSION = YES;
				CLANG_WARN_INT_CONVERSION = YES;
				CLANG_WARN_NON_LITERAL_NULL_CONVERSION = YES;
				CLANG_WARN_OBJC_IMPLICIT_RETAIN_SELF = YES;
				CLANG_WARN_OBJC_LITERAL_CONVERSION = YES;
				CLANG_WARN_OBJC_ROOT_CLASS = YES_ERROR;
				CLANG_WARN_RANGE_LOOP_ANALYSIS = YES;
				CLANG_WARN_STRICT_PROTOTYPES = YES;
				CLANG_WARN_SUSPICIOUS_MOVE = YES;
				CLANG_WARN_UNGUARDED_AVAILABILITY = YES_AGGRESSIVE;
				CLANG_WARN_UNREACHABLE_CODE = YES;
				CLANG_WARN__DUPLICATE_METHOD_MATCH = YES;
				CODE_SIGN_IDENTITY = "iPhone Developer";
				COPY_PHASE_STRIP = NO;
				DEBUG_INFORMATION_FORMAT = dwarf;
				ENABLE_STRICT_OBJC_MSGSEND = YES;
				ENABLE_TESTABILITY = YES;
				GCC_C_LANGUAGE_STANDARD = gnu11;
				GCC_DYNAMIC_NO_PIC = NO;
				GCC_NO_COMMON_BLOCKS = YES;
				GCC_OPTIMIZATION_LEVEL = 0;
				GCC_PREPROCESSOR_DEFINITIONS = (
					"DEBUG=1",
					"$(inherited)",
				);
				GCC_WARN_64_TO_32_BIT_CONVERSION = YES;
				GCC_WARN_ABOUT_RETURN_TYPE = YES_ERROR;
				GCC_WARN_UNDECLARED_SELECTOR = YES;
				GCC_WARN_UNINITIALIZED_AUTOS = YES_AGGRESSIVE;
				GCC_WARN_UNUSED_FUNCTION = YES;
				GCC_WARN_UNUSED_VARIABLE = YES;
				IPHONEOS_DEPLOYMENT_TARGET = 12.0;
				MTL_ENABLE_DEBUG_INFO = YES;
				ONLY_ACTIVE_ARCH = YES;
				SDKROOT = iphoneos;
				SWIFT_ACTIVE_COMPILATION_CONDITIONS = DEBUG;
				SWIFT_OPTIMIZATION_LEVEL = "-Onone";
				SWIFT_VERSION = 4.2;
			};
			name = Debug;
		};
		F63176C4203C892B0076C098 /* Release */ = {
			isa = XCBuildConfiguration;
			buildSettings = {
				ALWAYS_SEARCH_USER_PATHS = NO;
				CLANG_ANALYZER_NONNULL = YES;
				CLANG_ANALYZER_NUMBER_OBJECT_CONVERSION = YES_AGGRESSIVE;
				CLANG_CXX_LANGUAGE_STANDARD = "gnu++14";
				CLANG_CXX_LIBRARY = "libc++";
				CLANG_ENABLE_MODULES = YES;
				CLANG_ENABLE_OBJC_ARC = YES;
				CLANG_WARN_BLOCK_CAPTURE_AUTORELEASING = YES;
				CLANG_WARN_BOOL_CONVERSION = YES;
				CLANG_WARN_COMMA = YES;
				CLANG_WARN_CONSTANT_CONVERSION = YES;
				CLANG_WARN_DEPRECATED_OBJC_IMPLEMENTATIONS = YES;
				CLANG_WARN_DIRECT_OBJC_ISA_USAGE = YES_ERROR;
				CLANG_WARN_DOCUMENTATION_COMMENTS = YES;
				CLANG_WARN_EMPTY_BODY = YES;
				CLANG_WARN_ENUM_CONVERSION = YES;
				CLANG_WARN_INFINITE_RECURSION = YES;
				CLANG_WARN_INT_CONVERSION = YES;
				CLANG_WARN_NON_LITERAL_NULL_CONVERSION = YES;
				CLANG_WARN_OBJC_IMPLICIT_RETAIN_SELF = YES;
				CLANG_WARN_OBJC_LITERAL_CONVERSION = YES;
				CLANG_WARN_OBJC_ROOT_CLASS = YES_ERROR;
				CLANG_WARN_RANGE_LOOP_ANALYSIS = YES;
				CLANG_WARN_STRICT_PROTOTYPES = YES;
				CLANG_WARN_SUSPICIOUS_MOVE = YES;
				CLANG_WARN_UNGUARDED_AVAILABILITY = YES_AGGRESSIVE;
				CLANG_WARN_UNREACHABLE_CODE = YES;
				CLANG_WARN__DUPLICATE_METHOD_MATCH = YES;
				CODE_SIGN_IDENTITY = "iPhone Developer";
				COPY_PHASE_STRIP = NO;
				DEBUG_INFORMATION_FORMAT = "dwarf-with-dsym";
				ENABLE_NS_ASSERTIONS = NO;
				ENABLE_STRICT_OBJC_MSGSEND = YES;
				GCC_C_LANGUAGE_STANDARD = gnu11;
				GCC_NO_COMMON_BLOCKS = YES;
				GCC_WARN_64_TO_32_BIT_CONVERSION = YES;
				GCC_WARN_ABOUT_RETURN_TYPE = YES_ERROR;
				GCC_WARN_UNDECLARED_SELECTOR = YES;
				GCC_WARN_UNINITIALIZED_AUTOS = YES_AGGRESSIVE;
				GCC_WARN_UNUSED_FUNCTION = YES;
				GCC_WARN_UNUSED_VARIABLE = YES;
				IPHONEOS_DEPLOYMENT_TARGET = 12.0;
				MTL_ENABLE_DEBUG_INFO = NO;
				SDKROOT = iphoneos;
				SWIFT_OPTIMIZATION_LEVEL = "-Owholemodule";
				SWIFT_VERSION = 4.2;
				VALIDATE_PRODUCT = YES;
			};
			name = Release;
		};
		F63176C6203C892B0076C098 /* Debug */ = {
			isa = XCBuildConfiguration;
			baseConfigurationReference = DE3807F72967C147B2418D49 /* Pods-Login Screen.debug.xcconfig */;
			buildSettings = {
				ASSETCATALOG_COMPILER_APPICON_NAME = AppIcon;
				ASSETCATALOG_COMPILER_LAUNCHIMAGE_NAME = LaunchAssets;
				CODE_SIGN_STYLE = Automatic;
				DEVELOPMENT_TEAM = 8CAAH9J56M;
				INFOPLIST_FILE = "Login Screen/Info.plist";
				IPHONEOS_DEPLOYMENT_TARGET = 11.4;
				LD_RUNPATH_SEARCH_PATHS = "$(inherited) @executable_path/Frameworks";
				PRODUCT_BUNDLE_IDENTIFIER = "Leathal.Login-Screen";
				PRODUCT_NAME = "$(TARGET_NAME)";
				SWIFT_VERSION = 4.2;
				TARGETED_DEVICE_FAMILY = 1;
			};
			name = Debug;
		};
		F63176C7203C892B0076C098 /* Release */ = {
			isa = XCBuildConfiguration;
			baseConfigurationReference = E08135E627E99FAAC24D9CE9 /* Pods-Login Screen.release.xcconfig */;
			buildSettings = {
				ASSETCATALOG_COMPILER_APPICON_NAME = AppIcon;
				ASSETCATALOG_COMPILER_LAUNCHIMAGE_NAME = LaunchAssets;
				CODE_SIGN_STYLE = Automatic;
				DEVELOPMENT_TEAM = 8CAAH9J56M;
				INFOPLIST_FILE = "Login Screen/Info.plist";
				IPHONEOS_DEPLOYMENT_TARGET = 11.4;
				LD_RUNPATH_SEARCH_PATHS = "$(inherited) @executable_path/Frameworks";
				PRODUCT_BUNDLE_IDENTIFIER = "Leathal.Login-Screen";
				PRODUCT_NAME = "$(TARGET_NAME)";
				SWIFT_VERSION = 4.2;
				TARGETED_DEVICE_FAMILY = 1;
			};
			name = Release;
		};
		F63176C9203C892B0076C098 /* Debug */ = {
			isa = XCBuildConfiguration;
			baseConfigurationReference = 52C7D8BE6637A4B06A708F0C /* Pods-Login ScreenTests.debug.xcconfig */;
			buildSettings = {
				ALWAYS_EMBED_SWIFT_STANDARD_LIBRARIES = YES;
				BUNDLE_LOADER = "$(TEST_HOST)";
				CODE_SIGN_STYLE = Automatic;
				DEVELOPMENT_TEAM = 8CAAH9J56M;
				INFOPLIST_FILE = "Login ScreenTests/Info.plist";
				LD_RUNPATH_SEARCH_PATHS = "$(inherited) @executable_path/Frameworks @loader_path/Frameworks";
				PRODUCT_BUNDLE_IDENTIFIER = "Leathal.Login-ScreenTests";
				PRODUCT_NAME = "$(TARGET_NAME)";
				SWIFT_VERSION = 4.2;
				TARGETED_DEVICE_FAMILY = "1,2";
				TEST_HOST = "$(BUILT_PRODUCTS_DIR)/Login Screen.app/Login Screen";
			};
			name = Debug;
		};
		F63176CA203C892B0076C098 /* Release */ = {
			isa = XCBuildConfiguration;
			baseConfigurationReference = ED3FB6A0291B46A5AB51883A /* Pods-Login ScreenTests.release.xcconfig */;
			buildSettings = {
				ALWAYS_EMBED_SWIFT_STANDARD_LIBRARIES = YES;
				BUNDLE_LOADER = "$(TEST_HOST)";
				CODE_SIGN_STYLE = Automatic;
				DEVELOPMENT_TEAM = 8CAAH9J56M;
				INFOPLIST_FILE = "Login ScreenTests/Info.plist";
				LD_RUNPATH_SEARCH_PATHS = "$(inherited) @executable_path/Frameworks @loader_path/Frameworks";
				PRODUCT_BUNDLE_IDENTIFIER = "Leathal.Login-ScreenTests";
				PRODUCT_NAME = "$(TARGET_NAME)";
				SWIFT_VERSION = 4.2;
				TARGETED_DEVICE_FAMILY = "1,2";
				TEST_HOST = "$(BUILT_PRODUCTS_DIR)/Login Screen.app/Login Screen";
			};
			name = Release;
		};
/* End XCBuildConfiguration section */

/* Begin XCConfigurationList section */
		F63176A3203C892B0076C098 /* Build configuration list for PBXProject "Login Screen" */ = {
			isa = XCConfigurationList;
			buildConfigurations = (
				F63176C3203C892B0076C098 /* Debug */,
				F63176C4203C892B0076C098 /* Release */,
			);
			defaultConfigurationIsVisible = 0;
			defaultConfigurationName = Release;
		};
		F63176C5203C892B0076C098 /* Build configuration list for PBXNativeTarget "Login Screen" */ = {
			isa = XCConfigurationList;
			buildConfigurations = (
				F63176C6203C892B0076C098 /* Debug */,
				F63176C7203C892B0076C098 /* Release */,
			);
			defaultConfigurationIsVisible = 0;
			defaultConfigurationName = Release;
		};
		F63176C8203C892B0076C098 /* Build configuration list for PBXNativeTarget "Login ScreenTests" */ = {
			isa = XCConfigurationList;
			buildConfigurations = (
				F63176C9203C892B0076C098 /* Debug */,
				F63176CA203C892B0076C098 /* Release */,
			);
			defaultConfigurationIsVisible = 0;
			defaultConfigurationName = Release;
		};
/* End XCConfigurationList section */
	};
	rootObject = F63176A0203C892B0076C098 /* Project object */;
}
